
Microsoft Visual Studio Solution File, Format Version 12.00
# Visual Studio Version 16
VisualStudioVersion = 16.0.31105.61
MinimumVisualStudioVersion = 10.0.40219.1
Project("{FAE04EC0-301F-11D3-BF4B-00C04F79EFBC}") = "Desafio.Semana1-SalmenSantiago", "Desafio.Semana1-SalmenSantiago.csproj", "{9014BE6C-BE37-4500-9451-7F88BF2AA2AB}"
EndProject
Global
	GlobalSection(SolutionConfigurationPlatforms) = preSolution
		Debug|Any CPU = Debug|Any CPU
		Release|Any CPU = Release|Any CPU
	EndGlobalSection
	GlobalSection(ProjectConfigurationPlatforms) = postSolution
		{9014BE6C-BE37-4500-9451-7F88BF2AA2AB}.Debug|Any CPU.ActiveCfg = Debug|Any CPU
		{9014BE6C-BE37-4500-9451-7F88BF2AA2AB}.Debug|Any CPU.Build.0 = Debug|Any CPU
		{9014BE6C-BE37-4500-9451-7F88BF2AA2AB}.Release|Any CPU.ActiveCfg = Release|Any CPU
		{9014BE6C-BE37-4500-9451-7F88BF2AA2AB}.Release|Any CPU.Build.0 = Release|Any CPU
	EndGlobalSection
	GlobalSection(SolutionProperties) = preSolution
		HideSolutionNode = FALSE
	EndGlobalSection
	GlobalSection(ExtensibilityGlobals) = postSolution
		SolutionGuid = {D97A0D63-9DA4-4C2A-AA5D-AFA4E16A1B77}
	EndGlobalSection
EndGlobal
